
Microsoft Visual Studio Solution File, Format Version 12.00
# Visual Studio Version 17
VisualStudioVersion = 17.2.32630.192
MinimumVisualStudioVersion = 10.0.40219.1
Project("{FAE04EC0-301F-11D3-BF4B-00C04F79EFBC}") = "ConsoleTestDriveApi", "ConsoleTestDriveApi\ConsoleTestDriveApi.csproj", "{F766A14E-D1CD-4D11-9CA0-CD008C6AE899}"
EndProject
Global
	GlobalSection(SolutionConfigurationPlatforms) = preSolution
		Debug|Any CPU = Debug|Any CPU
		Release|Any CPU = Release|Any CPU
	EndGlobalSection
	GlobalSection(ProjectConfigurationPlatforms) = postSolution
		{F766A14E-D1CD-4D11-9CA0-CD008C6AE899}.Debug|Any CPU.ActiveCfg = Debug|Any CPU
		{F766A14E-D1CD-4D11-9CA0-CD008C6AE899}.Debug|Any CPU.Build.0 = Debug|Any CPU
		{F766A14E-D1CD-4D11-9CA0-CD008C6AE899}.Release|Any CPU.ActiveCfg = Release|Any CPU
		{F766A14E-D1CD-4D11-9CA0-CD008C6AE899}.Release|Any CPU.Build.0 = Release|Any CPU
	EndGlobalSection
	GlobalSection(SolutionProperties) = preSolution
		HideSolutionNode = FALSE
	EndGlobalSection
	GlobalSection(ExtensibilityGlobals) = postSolution
		SolutionGuid = {1FE7C265-5E6F-4A49-8F9E-A9076A0CD87D}
	EndGlobalSection
EndGlobal
